// !$*UTF8*$!
{
	archiveVersion = 1;
	classes = {
	};
	objectVersion = 56;
	objects = {

/* Begin PBXBuildFile section */
		712956A22CE2809600B4E074 /* Quotes.swift in Sources */ = {isa = PBXBuildFile; fileRef = 712956A12CE2809600B4E074 /* Quotes.swift */; };
		715BFA5F2CE480BC00220146 /* BannerView.swift in Sources */ = {isa = PBXBuildFile; fileRef = 715BFA5E2CE480BC00220146 /* BannerView.swift */; };
		715BFA612CE4812B00220146 /* Banner.swift in Sources */ = {isa = PBXBuildFile; fileRef = 715BFA602CE4812B00220146 /* Banner.swift */; };
		715BFA632CE4896A00220146 /* OperationTitle.swift in Sources */ = {isa = PBXBuildFile; fileRef = 715BFA622CE4896A00220146 /* OperationTitle.swift */; };
		715BFA652CE489CD00220146 /* OperationTitleView.swift in Sources */ = {isa = PBXBuildFile; fileRef = 715BFA642CE489CD00220146 /* OperationTitleView.swift */; };
		715BFA672CE4919B00220146 /* PlusButton.swift in Sources */ = {isa = PBXBuildFile; fileRef = 715BFA662CE4919B00220146 /* PlusButton.swift */; };
		715BFA692CE49F4A00220146 /* OperationCollectionCell.swift in Sources */ = {isa = PBXBuildFile; fileRef = 715BFA682CE49F4A00220146 /* OperationCollectionCell.swift */; };
		715BFA6B2CE49F8700220146 /* Operation.swift in Sources */ = {isa = PBXBuildFile; fileRef = 715BFA6A2CE49F8700220146 /* Operation.swift */; };
		715BFA6D2CE4C3F900220146 /* CurrenciesAndMetals.swift in Sources */ = {isa = PBXBuildFile; fileRef = 715BFA6C2CE4C3F900220146 /* CurrenciesAndMetals.swift */; };
		715BFA6F2CE4C44400220146 /* QuotesHeaderCell.swift in Sources */ = {isa = PBXBuildFile; fileRef = 715BFA6E2CE4C44400220146 /* QuotesHeaderCell.swift */; };
		715BFA712CE4C52800220146 /* QuotesMainCell.swift in Sources */ = {isa = PBXBuildFile; fileRef = 715BFA702CE4C52800220146 /* QuotesMainCell.swift */; };
		71754D2C2CE0E276000FFF37 /* UIFont+.swift in Sources */ = {isa = PBXBuildFile; fileRef = 71754D2B2CE0E276000FFF37 /* UIFont+.swift */; };
		71754D2E2CE0E41D000FFF37 /* UIColor+.swift in Sources */ = {isa = PBXBuildFile; fileRef = 71754D2D2CE0E41D000FFF37 /* UIColor+.swift */; };
		71754D322CE0E58B000FFF37 /* MainViewController.swift in Sources */ = {isa = PBXBuildFile; fileRef = 71754D312CE0E58B000FFF37 /* MainViewController.swift */; };
		71754D352CE0E69E000FFF37 /* SnapKit in Frameworks */ = {isa = PBXBuildFile; productRef = 71754D342CE0E69E000FFF37 /* SnapKit */; };
		71754D392CE0EE49000FFF37 /* SnapKit in Frameworks */ = {isa = PBXBuildFile; productRef = 71754D382CE0EE49000FFF37 /* SnapKit */; };
		71754D402CE0F85B000FFF37 /* CardCollectionCell.swift in Sources */ = {isa = PBXBuildFile; fileRef = 71754D3F2CE0F85B000FFF37 /* CardCollectionCell.swift */; };
		71754D432CE0FA0F000FFF37 /* Card.swift in Sources */ = {isa = PBXBuildFile; fileRef = 71754D422CE0FA0F000FFF37 /* Card.swift */; };
		71754D452CE102D6000FFF37 /* Category.swift in Sources */ = {isa = PBXBuildFile; fileRef = 71754D442CE102D6000FFF37 /* Category.swift */; };
		71754D472CE104A9000FFF37 /* CategoryCollectionCell.swift in Sources */ = {isa = PBXBuildFile; fileRef = 71754D462CE104A9000FFF37 /* CategoryCollectionCell.swift */; };
		DEE63A672CDF3689002E0F55 /* AppDelegate.swift in Sources */ = {isa = PBXBuildFile; fileRef = DEE63A662CDF3689002E0F55 /* AppDelegate.swift */; };
		DEE63A692CDF3689002E0F55 /* SceneDelegate.swift in Sources */ = {isa = PBXBuildFile; fileRef = DEE63A682CDF3689002E0F55 /* SceneDelegate.swift */; };
		DEE63A702CDF368A002E0F55 /* Assets.xcassets in Resources */ = {isa = PBXBuildFile; fileRef = DEE63A6F2CDF368A002E0F55 /* Assets.xcassets */; };
		DEE63A732CDF368A002E0F55 /* Base in Resources */ = {isa = PBXBuildFile; fileRef = DEE63A722CDF368A002E0F55 /* Base */; };
/* End PBXBuildFile section */

/* Begin PBXCopyFilesBuildPhase section */
		71754D3D2CE0EE6E000FFF37 /* Embed Frameworks */ = {
			isa = PBXCopyFilesBuildPhase;
			buildActionMask = 2147483647;
			dstPath = "";
			dstSubfolderSpec = 10;
			files = (
			);
			name = "Embed Frameworks";
			runOnlyForDeploymentPostprocessing = 0;
		};
/* End PBXCopyFilesBuildPhase section */

/* Begin PBXFileReference section */
		712956A12CE2809600B4E074 /* Quotes.swift */ = {isa = PBXFileReference; lastKnownFileType = sourcecode.swift; path = Quotes.swift; sourceTree = "<group>"; };
		715BFA5E2CE480BC00220146 /* BannerView.swift */ = {isa = PBXFileReference; lastKnownFileType = sourcecode.swift; path = BannerView.swift; sourceTree = "<group>"; };
		715BFA602CE4812B00220146 /* Banner.swift */ = {isa = PBXFileReference; lastKnownFileType = sourcecode.swift; path = Banner.swift; sourceTree = "<group>"; };
		715BFA622CE4896A00220146 /* OperationTitle.swift */ = {isa = PBXFileReference; lastKnownFileType = sourcecode.swift; path = OperationTitle.swift; sourceTree = "<group>"; };
		715BFA642CE489CD00220146 /* OperationTitleView.swift */ = {isa = PBXFileReference; lastKnownFileType = sourcecode.swift; path = OperationTitleView.swift; sourceTree = "<group>"; };
		715BFA662CE4919B00220146 /* PlusButton.swift */ = {isa = PBXFileReference; lastKnownFileType = sourcecode.swift; path = PlusButton.swift; sourceTree = "<group>"; };
		715BFA682CE49F4A00220146 /* OperationCollectionCell.swift */ = {isa = PBXFileReference; lastKnownFileType = sourcecode.swift; path = OperationCollectionCell.swift; sourceTree = "<group>"; };
		715BFA6A2CE49F8700220146 /* Operation.swift */ = {isa = PBXFileReference; lastKnownFileType = sourcecode.swift; path = Operation.swift; sourceTree = "<group>"; };
		715BFA6C2CE4C3F900220146 /* CurrenciesAndMetals.swift */ = {isa = PBXFileReference; lastKnownFileType = sourcecode.swift; path = CurrenciesAndMetals.swift; sourceTree = "<group>"; };
		715BFA6E2CE4C44400220146 /* QuotesHeaderCell.swift */ = {isa = PBXFileReference; lastKnownFileType = sourcecode.swift; path = QuotesHeaderCell.swift; sourceTree = "<group>"; };
		715BFA702CE4C52800220146 /* QuotesMainCell.swift */ = {isa = PBXFileReference; lastKnownFileType = sourcecode.swift; path = QuotesMainCell.swift; sourceTree = "<group>"; };
		71754D2B2CE0E276000FFF37 /* UIFont+.swift */ = {isa = PBXFileReference; lastKnownFileType = sourcecode.swift; path = "UIFont+.swift"; sourceTree = "<group>"; };
		71754D2D2CE0E41D000FFF37 /* UIColor+.swift */ = {isa = PBXFileReference; lastKnownFileType = sourcecode.swift; path = "UIColor+.swift"; sourceTree = "<group>"; };
		71754D312CE0E58B000FFF37 /* MainViewController.swift */ = {isa = PBXFileReference; lastKnownFileType = sourcecode.swift; path = MainViewController.swift; sourceTree = "<group>"; };
		71754D3F2CE0F85B000FFF37 /* CardCollectionCell.swift */ = {isa = PBXFileReference; lastKnownFileType = sourcecode.swift; path = CardCollectionCell.swift; sourceTree = "<group>"; };
		71754D422CE0FA0F000FFF37 /* Card.swift */ = {isa = PBXFileReference; lastKnownFileType = sourcecode.swift; path = Card.swift; sourceTree = "<group>"; };
		71754D442CE102D6000FFF37 /* Category.swift */ = {isa = PBXFileReference; lastKnownFileType = sourcecode.swift; path = Category.swift; sourceTree = "<group>"; };
		71754D462CE104A9000FFF37 /* CategoryCollectionCell.swift */ = {isa = PBXFileReference; lastKnownFileType = sourcecode.swift; path = CategoryCollectionCell.swift; sourceTree = "<group>"; };
		DEE63A632CDF3689002E0F55 /* BankApp.app */ = {isa = PBXFileReference; explicitFileType = wrapper.application; includeInIndex = 0; path = BankApp.app; sourceTree = BUILT_PRODUCTS_DIR; };
		DEE63A662CDF3689002E0F55 /* AppDelegate.swift */ = {isa = PBXFileReference; lastKnownFileType = sourcecode.swift; path = AppDelegate.swift; sourceTree = "<group>"; };
		DEE63A682CDF3689002E0F55 /* SceneDelegate.swift */ = {isa = PBXFileReference; lastKnownFileType = sourcecode.swift; path = SceneDelegate.swift; sourceTree = "<group>"; };
		DEE63A6F2CDF368A002E0F55 /* Assets.xcassets */ = {isa = PBXFileReference; lastKnownFileType = folder.assetcatalog; path = Assets.xcassets; sourceTree = "<group>"; };
		DEE63A722CDF368A002E0F55 /* Base */ = {isa = PBXFileReference; lastKnownFileType = file.storyboard; name = Base; path = Base.lproj/LaunchScreen.storyboard; sourceTree = "<group>"; };
		DEE63A742CDF368A002E0F55 /* Info.plist */ = {isa = PBXFileReference; lastKnownFileType = text.plist.xml; path = Info.plist; sourceTree = "<group>"; };
/* End PBXFileReference section */

/* Begin PBXFrameworksBuildPhase section */
		DEE63A602CDF3689002E0F55 /* Frameworks */ = {
			isa = PBXFrameworksBuildPhase;
			buildActionMask = 2147483647;
			files = (
				71754D392CE0EE49000FFF37 /* SnapKit in Frameworks */,
				71754D352CE0E69E000FFF37 /* SnapKit in Frameworks */,
			);
			runOnlyForDeploymentPostprocessing = 0;
		};
/* End PBXFrameworksBuildPhase section */

/* Begin PBXGroup section */
		71754D2A2CE0E265000FFF37 /* Styles */ = {
			isa = PBXGroup;
			children = (
				71754D2B2CE0E276000FFF37 /* UIFont+.swift */,
				71754D2D2CE0E41D000FFF37 /* UIColor+.swift */,
			);
			path = Styles;
			sourceTree = "<group>";
		};
		71754D2F2CE0E51B000FFF37 /* Modules */ = {
			isa = PBXGroup;
			children = (
				71754D302CE0E56B000FFF37 /* Main */,
			);
			path = Modules;
			sourceTree = "<group>";
		};
		71754D302CE0E56B000FFF37 /* Main */ = {
			isa = PBXGroup;
			children = (
				71754D312CE0E58B000FFF37 /* MainViewController.swift */,
				715BFA5E2CE480BC00220146 /* BannerView.swift */,
				715BFA642CE489CD00220146 /* OperationTitleView.swift */,
				715BFA662CE4919B00220146 /* PlusButton.swift */,
			);
			path = Main;
			sourceTree = "<group>";
		};
		71754D3E2CE0F846000FFF37 /* Cells */ = {
			isa = PBXGroup;
			children = (
				715BFA682CE49F4A00220146 /* OperationCollectionCell.swift */,
				71754D3F2CE0F85B000FFF37 /* CardCollectionCell.swift */,
				71754D462CE104A9000FFF37 /* CategoryCollectionCell.swift */,
				715BFA6E2CE4C44400220146 /* QuotesHeaderCell.swift */,
				715BFA702CE4C52800220146 /* QuotesMainCell.swift */,
			);
			path = Cells;
			sourceTree = "<group>";
		};
		71754D412CE0FA07000FFF37 /* Data */ = {
			isa = PBXGroup;
			children = (
				71754D422CE0FA0F000FFF37 /* Card.swift */,
				712956A12CE2809600B4E074 /* Quotes.swift */,
				715BFA6C2CE4C3F900220146 /* CurrenciesAndMetals.swift */,
				715BFA602CE4812B00220146 /* Banner.swift */,
				715BFA622CE4896A00220146 /* OperationTitle.swift */,
				715BFA6A2CE49F8700220146 /* Operation.swift */,
				71754D442CE102D6000FFF37 /* Category.swift */,
			);
			path = Data;
			sourceTree = "<group>";
		};
		DEE63A5A2CDF3689002E0F55 = {
			isa = PBXGroup;
			children = (
				DEE63A652CDF3689002E0F55 /* BankApp */,
				DEE63A642CDF3689002E0F55 /* Products */,
			);
			sourceTree = "<group>";
		};
		DEE63A642CDF3689002E0F55 /* Products */ = {
			isa = PBXGroup;
			children = (
				DEE63A632CDF3689002E0F55 /* BankApp.app */,
			);
			name = Products;
			sourceTree = "<group>";
		};
		DEE63A652CDF3689002E0F55 /* BankApp */ = {
			isa = PBXGroup;
			children = (
				DEE63A662CDF3689002E0F55 /* AppDelegate.swift */,
				DEE63A682CDF3689002E0F55 /* SceneDelegate.swift */,
				71754D2F2CE0E51B000FFF37 /* Modules */,
				71754D412CE0FA07000FFF37 /* Data */,
				71754D3E2CE0F846000FFF37 /* Cells */,
				71754D2A2CE0E265000FFF37 /* Styles */,
				DEE63A6F2CDF368A002E0F55 /* Assets.xcassets */,
				DEE63A712CDF368A002E0F55 /* LaunchScreen.storyboard */,
				DEE63A742CDF368A002E0F55 /* Info.plist */,
			);
			path = BankApp;
			sourceTree = "<group>";
		};
/* End PBXGroup section */

/* Begin PBXNativeTarget section */
		DEE63A622CDF3689002E0F55 /* BankApp */ = {
			isa = PBXNativeTarget;
			buildConfigurationList = DEE63A772CDF368A002E0F55 /* Build configuration list for PBXNativeTarget "BankApp" */;
			buildPhases = (
				DEE63A5F2CDF3689002E0F55 /* Sources */,
				DEE63A602CDF3689002E0F55 /* Frameworks */,
				DEE63A612CDF3689002E0F55 /* Resources */,
				71754D3D2CE0EE6E000FFF37 /* Embed Frameworks */,
			);
			buildRules = (
			);
			dependencies = (
			);
			name = BankApp;
			packageProductDependencies = (
				71754D342CE0E69E000FFF37 /* SnapKit */,
				71754D382CE0EE49000FFF37 /* SnapKit */,
			);
			productName = BankApp;
			productReference = DEE63A632CDF3689002E0F55 /* BankApp.app */;
			productType = "com.apple.product-type.application";
		};
/* End PBXNativeTarget section */

/* Begin PBXProject section */
		DEE63A5B2CDF3689002E0F55 /* Project object */ = {
			isa = PBXProject;
			attributes = {
				BuildIndependentTargetsInParallel = 1;
				LastSwiftUpdateCheck = 1530;
				LastUpgradeCheck = 1530;
				TargetAttributes = {
					DEE63A622CDF3689002E0F55 = {
						CreatedOnToolsVersion = 15.3;
					};
				};
			};
			buildConfigurationList = DEE63A5E2CDF3689002E0F55 /* Build configuration list for PBXProject "BankApp" */;
			compatibilityVersion = "Xcode 14.0";
			developmentRegion = en;
			hasScannedForEncodings = 0;
			knownRegions = (
				en,
				Base,
			);
			mainGroup = DEE63A5A2CDF3689002E0F55;
			packageReferences = (
				71754D332CE0E69E000FFF37 /* XCRemoteSwiftPackageReference "SnapKit" */,
			);
			productRefGroup = DEE63A642CDF3689002E0F55 /* Products */;
			projectDirPath = "";
			projectRoot = "";
			targets = (
				DEE63A622CDF3689002E0F55 /* BankApp */,
			);
		};
/* End PBXProject section */

/* Begin PBXResourcesBuildPhase section */
		DEE63A612CDF3689002E0F55 /* Resources */ = {
			isa = PBXResourcesBuildPhase;
			buildActionMask = 2147483647;
			files = (
				DEE63A702CDF368A002E0F55 /* Assets.xcassets in Resources */,
				DEE63A732CDF368A002E0F55 /* Base in Resources */,
			);
			runOnlyForDeploymentPostprocessing = 0;
		};
/* End PBXResourcesBuildPhase section */

/* Begin PBXSourcesBuildPhase section */
		DEE63A5F2CDF3689002E0F55 /* Sources */ = {
			isa = PBXSourcesBuildPhase;
			buildActionMask = 2147483647;
			files = (
				715BFA652CE489CD00220146 /* OperationTitleView.swift in Sources */,
				71754D472CE104A9000FFF37 /* CategoryCollectionCell.swift in Sources */,
				71754D2C2CE0E276000FFF37 /* UIFont+.swift in Sources */,
				715BFA6F2CE4C44400220146 /* QuotesHeaderCell.swift in Sources */,
				715BFA632CE4896A00220146 /* OperationTitle.swift in Sources */,
				715BFA612CE4812B00220146 /* Banner.swift in Sources */,
				715BFA6B2CE49F8700220146 /* Operation.swift in Sources */,
				712956A22CE2809600B4E074 /* Quotes.swift in Sources */,
				71754D402CE0F85B000FFF37 /* CardCollectionCell.swift in Sources */,
				71754D432CE0FA0F000FFF37 /* Card.swift in Sources */,
				715BFA712CE4C52800220146 /* QuotesMainCell.swift in Sources */,
				DEE63A672CDF3689002E0F55 /* AppDelegate.swift in Sources */,
				DEE63A692CDF3689002E0F55 /* SceneDelegate.swift in Sources */,
				715BFA692CE49F4A00220146 /* OperationCollectionCell.swift in Sources */,
				715BFA672CE4919B00220146 /* PlusButton.swift in Sources */,
				715BFA5F2CE480BC00220146 /* BannerView.swift in Sources */,
				71754D2E2CE0E41D000FFF37 /* UIColor+.swift in Sources */,
				715BFA6D2CE4C3F900220146 /* CurrenciesAndMetals.swift in Sources */,
				71754D322CE0E58B000FFF37 /* MainViewController.swift in Sources */,
				71754D452CE102D6000FFF37 /* Category.swift in Sources */,
			);
			runOnlyForDeploymentPostprocessing = 0;
		};
/* End PBXSourcesBuildPhase section */

/* Begin PBXVariantGroup section */
		DEE63A712CDF368A002E0F55 /* LaunchScreen.storyboard */ = {
			isa = PBXVariantGroup;
			children = (
				DEE63A722CDF368A002E0F55 /* Base */,
			);
			name = LaunchScreen.storyboard;
			sourceTree = "<group>";
		};
/* End PBXVariantGroup section */

/* Begin XCBuildConfiguration section */
		DEE63A752CDF368A002E0F55 /* Debug */ = {
			isa = XCBuildConfiguration;
			buildSettings = {
				ALWAYS_SEARCH_USER_PATHS = NO;
				ASSETCATALOG_COMPILER_GENERATE_SWIFT_ASSET_SYMBOL_EXTENSIONS = YES;
				CLANG_ANALYZER_NONNULL = YES;
				CLANG_ANALYZER_NUMBER_OBJECT_CONVERSION = YES_AGGRESSIVE;
				CLANG_CXX_LANGUAGE_STANDARD = "gnu++20";
				CLANG_ENABLE_MODULES = YES;
				CLANG_ENABLE_OBJC_ARC = YES;
				CLANG_ENABLE_OBJC_WEAK = YES;
				CLANG_WARN_BLOCK_CAPTURE_AUTORELEASING = YES;
				CLANG_WARN_BOOL_CONVERSION = YES;
				CLANG_WARN_COMMA = YES;
				CLANG_WARN_CONSTANT_CONVERSION = YES;
				CLANG_WARN_DEPRECATED_OBJC_IMPLEMENTATIONS = YES;
				CLANG_WARN_DIRECT_OBJC_ISA_USAGE = YES_ERROR;
				CLANG_WARN_DOCUMENTATION_COMMENTS = YES;
				CLANG_WARN_EMPTY_BODY = YES;
				CLANG_WARN_ENUM_CONVERSION = YES;
				CLANG_WARN_INFINITE_RECURSION = YES;
				CLANG_WARN_INT_CONVERSION = YES;
				CLANG_WARN_NON_LITERAL_NULL_CONVERSION = YES;
				CLANG_WARN_OBJC_IMPLICIT_RETAIN_SELF = YES;
				CLANG_WARN_OBJC_LITERAL_CONVERSION = YES;
				CLANG_WARN_OBJC_ROOT_CLASS = YES_ERROR;
				CLANG_WARN_QUOTED_INCLUDE_IN_FRAMEWORK_HEADER = YES;
				CLANG_WARN_RANGE_LOOP_ANALYSIS = YES;
				CLANG_WARN_STRICT_PROTOTYPES = YES;
				CLANG_WARN_SUSPICIOUS_MOVE = YES;
				CLANG_WARN_UNGUARDED_AVAILABILITY = YES_AGGRESSIVE;
				CLANG_WARN_UNREACHABLE_CODE = YES;
				CLANG_WARN__DUPLICATE_METHOD_MATCH = YES;
				COPY_PHASE_STRIP = NO;
				DEBUG_INFORMATION_FORMAT = dwarf;
				ENABLE_STRICT_OBJC_MSGSEND = YES;
				ENABLE_TESTABILITY = YES;
				ENABLE_USER_SCRIPT_SANDBOXING = YES;
				GCC_C_LANGUAGE_STANDARD = gnu17;
				GCC_DYNAMIC_NO_PIC = NO;
				GCC_NO_COMMON_BLOCKS = YES;
				GCC_OPTIMIZATION_LEVEL = 0;
				GCC_PREPROCESSOR_DEFINITIONS = (
					"DEBUG=1",
					"$(inherited)",
				);
				GCC_WARN_64_TO_32_BIT_CONVERSION = YES;
				GCC_WARN_ABOUT_RETURN_TYPE = YES_ERROR;
				GCC_WARN_UNDECLARED_SELECTOR = YES;
				GCC_WARN_UNINITIALIZED_AUTOS = YES_AGGRESSIVE;
				GCC_WARN_UNUSED_FUNCTION = YES;
				GCC_WARN_UNUSED_VARIABLE = YES;
				IPHONEOS_DEPLOYMENT_TARGET = 17.4;
				LOCALIZATION_PREFERS_STRING_CATALOGS = YES;
				MTL_ENABLE_DEBUG_INFO = INCLUDE_SOURCE;
				MTL_FAST_MATH = YES;
				ONLY_ACTIVE_ARCH = YES;
				SDKROOT = iphoneos;
				SWIFT_ACTIVE_COMPILATION_CONDITIONS = "DEBUG $(inherited)";
				SWIFT_OPTIMIZATION_LEVEL = "-Onone";
			};
			name = Debug;
		};
		DEE63A762CDF368A002E0F55 /* Release */ = {
			isa = XCBuildConfiguration;
			buildSettings = {
				ALWAYS_SEARCH_USER_PATHS = NO;
				ASSETCATALOG_COMPILER_GENERATE_SWIFT_ASSET_SYMBOL_EXTENSIONS = YES;
				CLANG_ANALYZER_NONNULL = YES;
				CLANG_ANALYZER_NUMBER_OBJECT_CONVERSION = YES_AGGRESSIVE;
				CLANG_CXX_LANGUAGE_STANDARD = "gnu++20";
				CLANG_ENABLE_MODULES = YES;
				CLANG_ENABLE_OBJC_ARC = YES;
				CLANG_ENABLE_OBJC_WEAK = YES;
				CLANG_WARN_BLOCK_CAPTURE_AUTORELEASING = YES;
				CLANG_WARN_BOOL_CONVERSION = YES;
				CLANG_WARN_COMMA = YES;
				CLANG_WARN_CONSTANT_CONVERSION = YES;
				CLANG_WARN_DEPRECATED_OBJC_IMPLEMENTATIONS = YES;
				CLANG_WARN_DIRECT_OBJC_ISA_USAGE = YES_ERROR;
				CLANG_WARN_DOCUMENTATION_COMMENTS = YES;
				CLANG_WARN_EMPTY_BODY = YES;
				CLANG_WARN_ENUM_CONVERSION = YES;
				CLANG_WARN_INFINITE_RECURSION = YES;
				CLANG_WARN_INT_CONVERSION = YES;
				CLANG_WARN_NON_LITERAL_NULL_CONVERSION = YES;
				CLANG_WARN_OBJC_IMPLICIT_RETAIN_SELF = YES;
				CLANG_WARN_OBJC_LITERAL_CONVERSION = YES;
				CLANG_WARN_OBJC_ROOT_CLASS = YES_ERROR;
				CLANG_WARN_QUOTED_INCLUDE_IN_FRAMEWORK_HEADER = YES;
				CLANG_WARN_RANGE_LOOP_ANALYSIS = YES;
				CLANG_WARN_STRICT_PROTOTYPES = YES;
				CLANG_WARN_SUSPICIOUS_MOVE = YES;
				CLANG_WARN_UNGUARDED_AVAILABILITY = YES_AGGRESSIVE;
				CLANG_WARN_UNREACHABLE_CODE = YES;
				CLANG_WARN__DUPLICATE_METHOD_MATCH = YES;
				COPY_PHASE_STRIP = NO;
				DEBUG_INFORMATION_FORMAT = "dwarf-with-dsym";
				ENABLE_NS_ASSERTIONS = NO;
				ENABLE_STRICT_OBJC_MSGSEND = YES;
				ENABLE_USER_SCRIPT_SANDBOXING = YES;
				GCC_C_LANGUAGE_STANDARD = gnu17;
				GCC_NO_COMMON_BLOCKS = YES;
				GCC_WARN_64_TO_32_BIT_CONVERSION = YES;
				GCC_WARN_ABOUT_RETURN_TYPE = YES_ERROR;
				GCC_WARN_UNDECLARED_SELECTOR = YES;
				GCC_WARN_UNINITIALIZED_AUTOS = YES_AGGRESSIVE;
				GCC_WARN_UNUSED_FUNCTION = YES;
				GCC_WARN_UNUSED_VARIABLE = YES;
				IPHONEOS_DEPLOYMENT_TARGET = 17.4;
				LOCALIZATION_PREFERS_STRING_CATALOGS = YES;
				MTL_ENABLE_DEBUG_INFO = NO;
				MTL_FAST_MATH = YES;
				SDKROOT = iphoneos;
				SWIFT_COMPILATION_MODE = wholemodule;
				VALIDATE_PRODUCT = YES;
			};
			name = Release;
		};
		DEE63A782CDF368A002E0F55 /* Debug */ = {
			isa = XCBuildConfiguration;
			buildSettings = {
				ASSETCATALOG_COMPILER_APPICON_NAME = AppIcon;
				ASSETCATALOG_COMPILER_GLOBAL_ACCENT_COLOR_NAME = AccentColor;
				CODE_SIGN_STYLE = Automatic;
				CURRENT_PROJECT_VERSION = 1;
				DEVELOPMENT_TEAM = JBDPFCSGM2;
				GENERATE_INFOPLIST_FILE = YES;
				INFOPLIST_FILE = BankApp/Info.plist;
				INFOPLIST_KEY_UIApplicationSupportsIndirectInputEvents = YES;
				INFOPLIST_KEY_UILaunchStoryboardName = LaunchScreen;
				INFOPLIST_KEY_UISupportedInterfaceOrientations_iPad = "UIInterfaceOrientationPortrait UIInterfaceOrientationPortraitUpsideDown UIInterfaceOrientationLandscapeLeft UIInterfaceOrientationLandscapeRight";
				INFOPLIST_KEY_UISupportedInterfaceOrientations_iPhone = "UIInterfaceOrientationPortrait UIInterfaceOrientationLandscapeLeft UIInterfaceOrientationLandscapeRight";
				IPHONEOS_DEPLOYMENT_TARGET = 17.2;
				LD_RUNPATH_SEARCH_PATHS = (
					"$(inherited)",
					"@executable_path/Frameworks",
				);
				MARKETING_VERSION = 1.0;
				PRODUCT_BUNDLE_IDENTIFIER = noychus.BankApp;
				PRODUCT_NAME = "$(TARGET_NAME)";
				SWIFT_EMIT_LOC_STRINGS = YES;
				SWIFT_VERSION = 5.0;
				TARGETED_DEVICE_FAMILY = "1,2";
			};
			name = Debug;
		};
		DEE63A792CDF368A002E0F55 /* Release */ = {
			isa = XCBuildConfiguration;
			buildSettings = {
				ASSETCATALOG_COMPILER_APPICON_NAME = AppIcon;
				ASSETCATALOG_COMPILER_GLOBAL_ACCENT_COLOR_NAME = AccentColor;
				CODE_SIGN_STYLE = Automatic;
				CURRENT_PROJECT_VERSION = 1;
				DEVELOPMENT_TEAM = JBDPFCSGM2;
				GENERATE_INFOPLIST_FILE = YES;
				INFOPLIST_FILE = BankApp/Info.plist;
				INFOPLIST_KEY_UIApplicationSupportsIndirectInputEvents = YES;
				INFOPLIST_KEY_UILaunchStoryboardName = LaunchScreen;
				INFOPLIST_KEY_UISupportedInterfaceOrientations_iPad = "UIInterfaceOrientationPortrait UIInterfaceOrientationPortraitUpsideDown UIInterfaceOrientationLandscapeLeft UIInterfaceOrientationLandscapeRight";
				INFOPLIST_KEY_UISupportedInterfaceOrientations_iPhone = "UIInterfaceOrientationPortrait UIInterfaceOrientationLandscapeLeft UIInterfaceOrientationLandscapeRight";
				IPHONEOS_DEPLOYMENT_TARGET = 17.2;
				LD_RUNPATH_SEARCH_PATHS = (
					"$(inherited)",
					"@executable_path/Frameworks",
				);
				MARKETING_VERSION = 1.0;
				PRODUCT_BUNDLE_IDENTIFIER = noychus.BankApp;
				PRODUCT_NAME = "$(TARGET_NAME)";
				SWIFT_EMIT_LOC_STRINGS = YES;
				SWIFT_VERSION = 5.0;
				TARGETED_DEVICE_FAMILY = "1,2";
			};
			name = Release;
		};
/* End XCBuildConfiguration section */

/* Begin XCConfigurationList section */
		DEE63A5E2CDF3689002E0F55 /* Build configuration list for PBXProject "BankApp" */ = {
			isa = XCConfigurationList;
			buildConfigurations = (
				DEE63A752CDF368A002E0F55 /* Debug */,
				DEE63A762CDF368A002E0F55 /* Release */,
			);
			defaultConfigurationIsVisible = 0;
			defaultConfigurationName = Release;
		};
		DEE63A772CDF368A002E0F55 /* Build configuration list for PBXNativeTarget "BankApp" */ = {
			isa = XCConfigurationList;
			buildConfigurations = (
				DEE63A782CDF368A002E0F55 /* Debug */,
				DEE63A792CDF368A002E0F55 /* Release */,
			);
			defaultConfigurationIsVisible = 0;
			defaultConfigurationName = Release;
		};
/* End XCConfigurationList section */

/* Begin XCRemoteSwiftPackageReference section */
		71754D332CE0E69E000FFF37 /* XCRemoteSwiftPackageReference "SnapKit" */ = {
			isa = XCRemoteSwiftPackageReference;
			repositoryURL = "https://github.com/SnapKit/SnapKit";
			requirement = {
				kind = upToNextMajorVersion;
				minimumVersion = 5.7.1;
			};
		};
/* End XCRemoteSwiftPackageReference section */

/* Begin XCSwiftPackageProductDependency section */
		71754D342CE0E69E000FFF37 /* SnapKit */ = {
			isa = XCSwiftPackageProductDependency;
			package = 71754D332CE0E69E000FFF37 /* XCRemoteSwiftPackageReference "SnapKit" */;
			productName = SnapKit;
		};
		71754D382CE0EE49000FFF37 /* SnapKit */ = {
			isa = XCSwiftPackageProductDependency;
			package = 71754D332CE0E69E000FFF37 /* XCRemoteSwiftPackageReference "SnapKit" */;
			productName = SnapKit;
		};
/* End XCSwiftPackageProductDependency section */
	};
	rootObject = DEE63A5B2CDF3689002E0F55 /* Project object */;
}
